
Microsoft Visual Studio Solution File, Format Version 12.00
# Visual Studio Version 17
VisualStudioVersion = 17.14.36518.9 d17.14
MinimumVisualStudioVersion = 10.0.40219.1
Project("{FAE04EC0-301F-11D3-BF4B-00C04F79EFBC}") = "JsonPlaceholderApi", "JsonPlaceholderApi.csproj", "{BAF383A2-85B2-4548-AE36-39A23B5541EE}"
EndProject
Global
	GlobalSection(SolutionConfigurationPlatforms) = preSolution
		Debug|Any CPU = Debug|Any CPU
		Release|Any CPU = Release|Any CPU
	EndGlobalSection
	GlobalSection(ProjectConfigurationPlatforms) = postSolution
		{BAF383A2-85B2-4548-AE36-39A23B5541EE}.Debug|Any CPU.ActiveCfg = Debug|Any CPU
		{BAF383A2-85B2-4548-AE36-39A23B5541EE}.Debug|Any CPU.Build.0 = Debug|Any CPU
		{BAF383A2-85B2-4548-AE36-39A23B5541EE}.Release|Any CPU.ActiveCfg = Release|Any CPU
		{BAF383A2-85B2-4548-AE36-39A23B5541EE}.Release|Any CPU.Build.0 = Release|Any CPU
	EndGlobalSection
	GlobalSection(SolutionProperties) = preSolution
		HideSolutionNode = FALSE
	EndGlobalSection
	GlobalSection(ExtensibilityGlobals) = postSolution
		SolutionGuid = {B19ED941-C31B-4915-BCEA-F13F560AB516}
	EndGlobalSection
EndGlobal
